// !$*UTF8*$!
{
	archiveVersion = 1;
	classes = {
	};
	objectVersion = 48;
	objects = {

/* Begin PBXBuildFile section */
		313AB3737F552ACC7ADAD9A6 /* Pods_iosTests.framework in Frameworks */ = {isa = PBXBuildFile; fileRef = 0DF8FE5B42158FF19EC29304 /* Pods_iosTests.framework */; };
		4927CA6CA4951E7929FCA57D /* Pods_iosUITests.framework in Frameworks */ = {isa = PBXBuildFile; fileRef = FB8274A6961478F022312F9F /* Pods_iosUITests.framework */; };
		63347C8520BDADA200FE1D88 /* prefixes.properties in Resources */ = {isa = PBXBuildFile; fileRef = 63347C8420BDADA200FE1D88 /* prefixes.properties */; };
		63F9A41F2060626F00B72E4D /* AppDelegate.swift in Sources */ = {isa = PBXBuildFile; fileRef = 63F9A41E2060626F00B72E4D /* AppDelegate.swift */; };
		63F9A4212060626F00B72E4D /* ViewController.swift in Sources */ = {isa = PBXBuildFile; fileRef = 63F9A4202060626F00B72E4D /* ViewController.swift */; };
		63F9A4242060626F00B72E4D /* Main.storyboard in Resources */ = {isa = PBXBuildFile; fileRef = 63F9A4222060626F00B72E4D /* Main.storyboard */; };
		63F9A4262060626F00B72E4D /* Assets.xcassets in Resources */ = {isa = PBXBuildFile; fileRef = 63F9A4252060626F00B72E4D /* Assets.xcassets */; };
		63F9A4292060626F00B72E4D /* LaunchScreen.storyboard in Resources */ = {isa = PBXBuildFile; fileRef = 63F9A4272060626F00B72E4D /* LaunchScreen.storyboard */; };
		63F9A4342060626F00B72E4D /* iosTests.swift in Sources */ = {isa = PBXBuildFile; fileRef = 63F9A4332060626F00B72E4D /* iosTests.swift */; };
		63F9A43F2060626F00B72E4D /* iosUITests.swift in Sources */ = {isa = PBXBuildFile; fileRef = 63F9A43E2060626F00B72E4D /* iosUITests.swift */; };
		7A74114C0FB724A5C7AF2E41 /* Pods_ios.framework in Frameworks */ = {isa = PBXBuildFile; fileRef = 602DB795A8315DC03A5F7E92 /* Pods_ios.framework */; };
		A22395FC20BC33B800F63DA0 /* AlamoFireService.swift in Sources */ = {isa = PBXBuildFile; fileRef = A22395FB20BC33B800F63DA0 /* AlamoFireService.swift */; };
/* End PBXBuildFile section */

/* Begin PBXContainerItemProxy section */
		63F9A4302060626F00B72E4D /* PBXContainerItemProxy */ = {
			isa = PBXContainerItemProxy;
			containerPortal = 63F9A4132060626F00B72E4D /* Project object */;
			proxyType = 1;
			remoteGlobalIDString = 63F9A41A2060626F00B72E4D;
			remoteInfo = ios;
		};
		63F9A43B2060626F00B72E4D /* PBXContainerItemProxy */ = {
			isa = PBXContainerItemProxy;
			containerPortal = 63F9A4132060626F00B72E4D /* Project object */;
			proxyType = 1;
			remoteGlobalIDString = 63F9A41A2060626F00B72E4D;
			remoteInfo = ios;
		};
/* End PBXContainerItemProxy section */

/* Begin PBXFileReference section */
		0DF8FE5B42158FF19EC29304 /* Pods_iosTests.framework */ = {isa = PBXFileReference; explicitFileType = wrapper.framework; includeInIndex = 0; path = Pods_iosTests.framework; sourceTree = BUILT_PRODUCTS_DIR; };
		3CC18BD6E00EFCE6BA640C49 /* Pods-ios.release.xcconfig */ = {isa = PBXFileReference; includeInIndex = 1; lastKnownFileType = text.xcconfig; name = "Pods-ios.release.xcconfig"; path = "Pods/Target Support Files/Pods-ios/Pods-ios.release.xcconfig"; sourceTree = "<group>"; };
		602DB795A8315DC03A5F7E92 /* Pods_ios.framework */ = {isa = PBXFileReference; explicitFileType = wrapper.framework; includeInIndex = 0; path = Pods_ios.framework; sourceTree = BUILT_PRODUCTS_DIR; };
		63347C8420BDADA200FE1D88 /* prefixes.properties */ = {isa = PBXFileReference; fileEncoding = 4; lastKnownFileType = text; name = prefixes.properties; path = ../../app/build/prefixes.properties; sourceTree = "<group>"; };
		63F9A41B2060626F00B72E4D /* ios.app */ = {isa = PBXFileReference; explicitFileType = wrapper.application; includeInIndex = 0; path = ios.app; sourceTree = BUILT_PRODUCTS_DIR; };
		63F9A41E2060626F00B72E4D /* AppDelegate.swift */ = {isa = PBXFileReference; lastKnownFileType = sourcecode.swift; path = AppDelegate.swift; sourceTree = "<group>"; };
		63F9A4202060626F00B72E4D /* ViewController.swift */ = {isa = PBXFileReference; lastKnownFileType = sourcecode.swift; path = ViewController.swift; sourceTree = "<group>"; };
		63F9A4232060626F00B72E4D /* Base */ = {isa = PBXFileReference; lastKnownFileType = file.storyboard; name = Base; path = Base.lproj/Main.storyboard; sourceTree = "<group>"; };
		63F9A4252060626F00B72E4D /* Assets.xcassets */ = {isa = PBXFileReference; lastKnownFileType = folder.assetcatalog; path = Assets.xcassets; sourceTree = "<group>"; };
		63F9A4282060626F00B72E4D /* Base */ = {isa = PBXFileReference; lastKnownFileType = file.storyboard; name = Base; path = Base.lproj/LaunchScreen.storyboard; sourceTree = "<group>"; };
		63F9A42A2060626F00B72E4D /* Info.plist */ = {isa = PBXFileReference; lastKnownFileType = text.plist.xml; path = Info.plist; sourceTree = "<group>"; };
		63F9A42F2060626F00B72E4D /* iosTests.xctest */ = {isa = PBXFileReference; explicitFileType = wrapper.cfbundle; includeInIndex = 0; path = iosTests.xctest; sourceTree = BUILT_PRODUCTS_DIR; };
		63F9A4332060626F00B72E4D /* iosTests.swift */ = {isa = PBXFileReference; lastKnownFileType = sourcecode.swift; path = iosTests.swift; sourceTree = "<group>"; };
		63F9A4352060626F00B72E4D /* Info.plist */ = {isa = PBXFileReference; lastKnownFileType = text.plist.xml; path = Info.plist; sourceTree = "<group>"; };
		63F9A43A2060626F00B72E4D /* iosUITests.xctest */ = {isa = PBXFileReference; explicitFileType = wrapper.cfbundle; includeInIndex = 0; path = iosUITests.xctest; sourceTree = BUILT_PRODUCTS_DIR; };
		63F9A43E2060626F00B72E4D /* iosUITests.swift */ = {isa = PBXFileReference; lastKnownFileType = sourcecode.swift; path = iosUITests.swift; sourceTree = "<group>"; };
		63F9A4402060626F00B72E4D /* Info.plist */ = {isa = PBXFileReference; lastKnownFileType = text.plist.xml; path = Info.plist; sourceTree = "<group>"; };
		9BB124FA0A9C2BF64C26881F /* Pods-iosUITests.debug.xcconfig */ = {isa = PBXFileReference; includeInIndex = 1; lastKnownFileType = text.xcconfig; name = "Pods-iosUITests.debug.xcconfig"; path = "Pods/Target Support Files/Pods-iosUITests/Pods-iosUITests.debug.xcconfig"; sourceTree = "<group>"; };
		9EF9214BEA56BF30A7A55A73 /* Pods-iosUITests.release.xcconfig */ = {isa = PBXFileReference; includeInIndex = 1; lastKnownFileType = text.xcconfig; name = "Pods-iosUITests.release.xcconfig"; path = "Pods/Target Support Files/Pods-iosUITests/Pods-iosUITests.release.xcconfig"; sourceTree = "<group>"; };
		A22395FB20BC33B800F63DA0 /* AlamoFireService.swift */ = {isa = PBXFileReference; lastKnownFileType = sourcecode.swift; name = AlamoFireService.swift; path = ../../../../Kelly/BasicAndroidSample/ios/ios/AlamoFireService.swift; sourceTree = "<group>"; };
		AE4E4D0C256D48DBDC63C290 /* Pods-iosTests.debug.xcconfig */ = {isa = PBXFileReference; includeInIndex = 1; lastKnownFileType = text.xcconfig; name = "Pods-iosTests.debug.xcconfig"; path = "Pods/Target Support Files/Pods-iosTests/Pods-iosTests.debug.xcconfig"; sourceTree = "<group>"; };
		AEFE4B18F7B7A3ED7519DE64 /* Pods-iosTests.release.xcconfig */ = {isa = PBXFileReference; includeInIndex = 1; lastKnownFileType = text.xcconfig; name = "Pods-iosTests.release.xcconfig"; path = "Pods/Target Support Files/Pods-iosTests/Pods-iosTests.release.xcconfig"; sourceTree = "<group>"; };
		C93F62BB779DF89B754CA962 /* Pods-ios.debug.xcconfig */ = {isa = PBXFileReference; includeInIndex = 1; lastKnownFileType = text.xcconfig; name = "Pods-ios.debug.xcconfig"; path = "Pods/Target Support Files/Pods-ios/Pods-ios.debug.xcconfig"; sourceTree = "<group>"; };
		FB8274A6961478F022312F9F /* Pods_iosUITests.framework */ = {isa = PBXFileReference; explicitFileType = wrapper.framework; includeInIndex = 0; path = Pods_iosUITests.framework; sourceTree = BUILT_PRODUCTS_DIR; };
/* End PBXFileReference section */

/* Begin PBXFrameworksBuildPhase section */
		63F9A4182060626F00B72E4D /* Frameworks */ = {
			isa = PBXFrameworksBuildPhase;
			buildActionMask = 2147483647;
			files = (
				7A74114C0FB724A5C7AF2E41 /* Pods_ios.framework in Frameworks */,
			);
			runOnlyForDeploymentPostprocessing = 0;
		};
		63F9A42C2060626F00B72E4D /* Frameworks */ = {
			isa = PBXFrameworksBuildPhase;
			buildActionMask = 2147483647;
			files = (
				313AB3737F552ACC7ADAD9A6 /* Pods_iosTests.framework in Frameworks */,
			);
			runOnlyForDeploymentPostprocessing = 0;
		};
		63F9A4372060626F00B72E4D /* Frameworks */ = {
			isa = PBXFrameworksBuildPhase;
			buildActionMask = 2147483647;
			files = (
				4927CA6CA4951E7929FCA57D /* Pods_iosUITests.framework in Frameworks */,
			);
			runOnlyForDeploymentPostprocessing = 0;
		};
/* End PBXFrameworksBuildPhase section */

/* Begin PBXGroup section */
		35863FD4AEBD7D33BA8C53DD /* Pods */ = {
			isa = PBXGroup;
			children = (
				C93F62BB779DF89B754CA962 /* Pods-ios.debug.xcconfig */,
				3CC18BD6E00EFCE6BA640C49 /* Pods-ios.release.xcconfig */,
				AE4E4D0C256D48DBDC63C290 /* Pods-iosTests.debug.xcconfig */,
				AEFE4B18F7B7A3ED7519DE64 /* Pods-iosTests.release.xcconfig */,
				9BB124FA0A9C2BF64C26881F /* Pods-iosUITests.debug.xcconfig */,
				9EF9214BEA56BF30A7A55A73 /* Pods-iosUITests.release.xcconfig */,
			);
			name = Pods;
			sourceTree = "<group>";
		};
		63F9A4122060626F00B72E4D = {
			isa = PBXGroup;
			children = (
				63F9A41D2060626F00B72E4D /* ios */,
				63F9A4322060626F00B72E4D /* iosTests */,
				63F9A43D2060626F00B72E4D /* iosUITests */,
				63F9A41C2060626F00B72E4D /* Products */,
				35863FD4AEBD7D33BA8C53DD /* Pods */,
				F8354EDCF9981374E6F1C082 /* Frameworks */,
			);
			sourceTree = "<group>";
		};
		63F9A41C2060626F00B72E4D /* Products */ = {
			isa = PBXGroup;
			children = (
				63F9A41B2060626F00B72E4D /* ios.app */,
				63F9A42F2060626F00B72E4D /* iosTests.xctest */,
				63F9A43A2060626F00B72E4D /* iosUITests.xctest */,
			);
			name = Products;
			sourceTree = "<group>";
		};
		63F9A41D2060626F00B72E4D /* ios */ = {
			isa = PBXGroup;
			children = (
				63347C8420BDADA200FE1D88 /* prefixes.properties */,
				63F9A41E2060626F00B72E4D /* AppDelegate.swift */,
				63F9A4202060626F00B72E4D /* ViewController.swift */,
				63F9A4222060626F00B72E4D /* Main.storyboard */,
				63F9A4252060626F00B72E4D /* Assets.xcassets */,
				63F9A4272060626F00B72E4D /* LaunchScreen.storyboard */,
				63F9A42A2060626F00B72E4D /* Info.plist */,
				A22395FB20BC33B800F63DA0 /* AlamoFireService.swift */,
			);
			path = ios;
			sourceTree = "<group>";
		};
		63F9A4322060626F00B72E4D /* iosTests */ = {
			isa = PBXGroup;
			children = (
				63F9A4332060626F00B72E4D /* iosTests.swift */,
				63F9A4352060626F00B72E4D /* Info.plist */,
			);
			path = iosTests;
			sourceTree = "<group>";
		};
		63F9A43D2060626F00B72E4D /* iosUITests */ = {
			isa = PBXGroup;
			children = (
				63F9A43E2060626F00B72E4D /* iosUITests.swift */,
				63F9A4402060626F00B72E4D /* Info.plist */,
			);
			path = iosUITests;
			sourceTree = "<group>";
		};
		F8354EDCF9981374E6F1C082 /* Frameworks */ = {
			isa = PBXGroup;
			children = (
				602DB795A8315DC03A5F7E92 /* Pods_ios.framework */,
				0DF8FE5B42158FF19EC29304 /* Pods_iosTests.framework */,
				FB8274A6961478F022312F9F /* Pods_iosUITests.framework */,
			);
			name = Frameworks;
			sourceTree = "<group>";
		};
/* End PBXGroup section */

/* Begin PBXNativeTarget section */
		63F9A41A2060626F00B72E4D /* ios */ = {
			isa = PBXNativeTarget;
			buildConfigurationList = 63F9A4432060626F00B72E4D /* Build configuration list for PBXNativeTarget "ios" */;
			buildPhases = (
				278586939E3AB58AD5005449 /* [CP] Check Pods Manifest.lock */,
				63F9A4172060626F00B72E4D /* Sources */,
				63F9A4182060626F00B72E4D /* Frameworks */,
				63F9A4192060626F00B72E4D /* Resources */,
				94623B6F3FD82A08F2EADFFA /* [CP] Embed Pods Frameworks */,
				A9257925BE37F4A39971E551 /* [CP] Copy Pods Resources */,
			);
			buildRules = (
			);
			dependencies = (
			);
			name = ios;
			productName = ios;
			productReference = 63F9A41B2060626F00B72E4D /* ios.app */;
			productType = "com.apple.product-type.application";
		};
		63F9A42E2060626F00B72E4D /* iosTests */ = {
			isa = PBXNativeTarget;
			buildConfigurationList = 63F9A4462060626F00B72E4D /* Build configuration list for PBXNativeTarget "iosTests" */;
			buildPhases = (
				ED5E9FDEAC7BB5E166529278 /* [CP] Check Pods Manifest.lock */,
				63F9A42B2060626F00B72E4D /* Sources */,
				63F9A42C2060626F00B72E4D /* Frameworks */,
				63F9A42D2060626F00B72E4D /* Resources */,
				C526942028D35BB5E08B7B07 /* [CP] Embed Pods Frameworks */,
				E0C93D454AAAAFCFD7B4D588 /* [CP] Copy Pods Resources */,
			);
			buildRules = (
			);
			dependencies = (
				63F9A4312060626F00B72E4D /* PBXTargetDependency */,
			);
			name = iosTests;
			productName = iosTests;
			productReference = 63F9A42F2060626F00B72E4D /* iosTests.xctest */;
			productType = "com.apple.product-type.bundle.unit-test";
		};
		63F9A4392060626F00B72E4D /* iosUITests */ = {
			isa = PBXNativeTarget;
			buildConfigurationList = 63F9A4492060626F00B72E4D /* Build configuration list for PBXNativeTarget "iosUITests" */;
			buildPhases = (
				491DA7C9C0C0EAE4CCFBE655 /* [CP] Check Pods Manifest.lock */,
				63F9A4362060626F00B72E4D /* Sources */,
				63F9A4372060626F00B72E4D /* Frameworks */,
				63F9A4382060626F00B72E4D /* Resources */,
				1926043B33194047968A7E50 /* [CP] Embed Pods Frameworks */,
				863106B815BB5A9A13489B89 /* [CP] Copy Pods Resources */,
			);
			buildRules = (
			);
			dependencies = (
				63F9A43C2060626F00B72E4D /* PBXTargetDependency */,
			);
			name = iosUITests;
			productName = iosUITests;
			productReference = 63F9A43A2060626F00B72E4D /* iosUITests.xctest */;
			productType = "com.apple.product-type.bundle.ui-testing";
		};
/* End PBXNativeTarget section */

/* Begin PBXProject section */
		63F9A4132060626F00B72E4D /* Project object */ = {
			isa = PBXProject;
			attributes = {
				LastSwiftUpdateCheck = 0920;
				LastUpgradeCheck = 0920;
				ORGANIZATIONNAME = "Kevin Galligan";
				TargetAttributes = {
					63F9A41A2060626F00B72E4D = {
						CreatedOnToolsVersion = 9.2;
						ProvisioningStyle = Automatic;
					};
					63F9A42E2060626F00B72E4D = {
						CreatedOnToolsVersion = 9.2;
						ProvisioningStyle = Automatic;
						TestTargetID = 63F9A41A2060626F00B72E4D;
					};
					63F9A4392060626F00B72E4D = {
						CreatedOnToolsVersion = 9.2;
						ProvisioningStyle = Automatic;
						TestTargetID = 63F9A41A2060626F00B72E4D;
					};
				};
			};
			buildConfigurationList = 63F9A4162060626F00B72E4D /* Build configuration list for PBXProject "ios" */;
			compatibilityVersion = "Xcode 8.0";
			developmentRegion = en;
			hasScannedForEncodings = 0;
			knownRegions = (
				en,
				Base,
			);
			mainGroup = 63F9A4122060626F00B72E4D;
			productRefGroup = 63F9A41C2060626F00B72E4D /* Products */;
			projectDirPath = "";
			projectRoot = "";
			targets = (
				63F9A41A2060626F00B72E4D /* ios */,
				63F9A42E2060626F00B72E4D /* iosTests */,
				63F9A4392060626F00B72E4D /* iosUITests */,
			);
		};
/* End PBXProject section */

/* Begin PBXResourcesBuildPhase section */
		63F9A4192060626F00B72E4D /* Resources */ = {
			isa = PBXResourcesBuildPhase;
			buildActionMask = 2147483647;
			files = (
				63347C8520BDADA200FE1D88 /* prefixes.properties in Resources */,
				63F9A4292060626F00B72E4D /* LaunchScreen.storyboard in Resources */,
				63F9A4262060626F00B72E4D /* Assets.xcassets in Resources */,
				63F9A4242060626F00B72E4D /* Main.storyboard in Resources */,
			);
			runOnlyForDeploymentPostprocessing = 0;
		};
		63F9A42D2060626F00B72E4D /* Resources */ = {
			isa = PBXResourcesBuildPhase;
			buildActionMask = 2147483647;
			files = (
			);
			runOnlyForDeploymentPostprocessing = 0;
		};
		63F9A4382060626F00B72E4D /* Resources */ = {
			isa = PBXResourcesBuildPhase;
			buildActionMask = 2147483647;
			files = (
			);
			runOnlyForDeploymentPostprocessing = 0;
		};
/* End PBXResourcesBuildPhase section */

/* Begin PBXShellScriptBuildPhase section */
		1926043B33194047968A7E50 /* [CP] Embed Pods Frameworks */ = {
			isa = PBXShellScriptBuildPhase;
			buildActionMask = 2147483647;
			files = (
			);
			inputPaths = (
			);
			name = "[CP] Embed Pods Frameworks";
			outputPaths = (
			);
			runOnlyForDeploymentPostprocessing = 0;
			shellPath = /bin/sh;
			shellScript = "\"${SRCROOT}/Pods/Target Support Files/Pods-iosUITests/Pods-iosUITests-frameworks.sh\"\n";
			showEnvVarsInLog = 0;
		};
		278586939E3AB58AD5005449 /* [CP] Check Pods Manifest.lock */ = {
			isa = PBXShellScriptBuildPhase;
			buildActionMask = 2147483647;
			files = (
			);
			inputPaths = (
				"${PODS_PODFILE_DIR_PATH}/Podfile.lock",
				"${PODS_ROOT}/Manifest.lock",
			);
			name = "[CP] Check Pods Manifest.lock";
			outputPaths = (
				"$(DERIVED_FILE_DIR)/Pods-ios-checkManifestLockResult.txt",
			);
			runOnlyForDeploymentPostprocessing = 0;
			shellPath = /bin/sh;
			shellScript = "diff \"${PODS_PODFILE_DIR_PATH}/Podfile.lock\" \"${PODS_ROOT}/Manifest.lock\" > /dev/null\nif [ $? != 0 ] ; then\n    # print error to STDERR\n    echo \"error: The sandbox is not in sync with the Podfile.lock. Run 'pod install' or update your CocoaPods installation.\" >&2\n    exit 1\nfi\n# This output is used by Xcode 'outputs' to avoid re-running this script phase.\necho \"SUCCESS\" > \"${SCRIPT_OUTPUT_FILE_0}\"\n";
			showEnvVarsInLog = 0;
		};
		491DA7C9C0C0EAE4CCFBE655 /* [CP] Check Pods Manifest.lock */ = {
			isa = PBXShellScriptBuildPhase;
			buildActionMask = 2147483647;
			files = (
			);
			inputPaths = (
				"${PODS_PODFILE_DIR_PATH}/Podfile.lock",
				"${PODS_ROOT}/Manifest.lock",
			);
			name = "[CP] Check Pods Manifest.lock";
			outputPaths = (
				"$(DERIVED_FILE_DIR)/Pods-iosUITests-checkManifestLockResult.txt",
			);
			runOnlyForDeploymentPostprocessing = 0;
			shellPath = /bin/sh;
			shellScript = "diff \"${PODS_PODFILE_DIR_PATH}/Podfile.lock\" \"${PODS_ROOT}/Manifest.lock\" > /dev/null\nif [ $? != 0 ] ; then\n    # print error to STDERR\n    echo \"error: The sandbox is not in sync with the Podfile.lock. Run 'pod install' or update your CocoaPods installation.\" >&2\n    exit 1\nfi\n# This output is used by Xcode 'outputs' to avoid re-running this script phase.\necho \"SUCCESS\" > \"${SCRIPT_OUTPUT_FILE_0}\"\n";
			showEnvVarsInLog = 0;
		};
		863106B815BB5A9A13489B89 /* [CP] Copy Pods Resources */ = {
			isa = PBXShellScriptBuildPhase;
			buildActionMask = 2147483647;
			files = (
			);
			inputPaths = (
			);
			name = "[CP] Copy Pods Resources";
			outputPaths = (
			);
			runOnlyForDeploymentPostprocessing = 0;
			shellPath = /bin/sh;
			shellScript = "\"${SRCROOT}/Pods/Target Support Files/Pods-iosUITests/Pods-iosUITests-resources.sh\"\n";
			showEnvVarsInLog = 0;
		};
		94623B6F3FD82A08F2EADFFA /* [CP] Embed Pods Frameworks */ = {
			isa = PBXShellScriptBuildPhase;
			buildActionMask = 2147483647;
			files = (
			);
			inputPaths = (
				"${SRCROOT}/Pods/Target Support Files/Pods-ios/Pods-ios-frameworks.sh",
				"${BUILT_PRODUCTS_DIR}/Alamofire/Alamofire.framework",
				"${BUILT_PRODUCTS_DIR}/RxAlamofire/RxAlamofire.framework",
				"${BUILT_PRODUCTS_DIR}/RxSwift/RxSwift.framework",
				"${BUILT_PRODUCTS_DIR}/j2objclib/j2objclib.framework",
			);
			name = "[CP] Embed Pods Frameworks";
			outputPaths = (
				"${TARGET_BUILD_DIR}/${FRAMEWORKS_FOLDER_PATH}/Alamofire.framework",
				"${TARGET_BUILD_DIR}/${FRAMEWORKS_FOLDER_PATH}/RxAlamofire.framework",
				"${TARGET_BUILD_DIR}/${FRAMEWORKS_FOLDER_PATH}/RxSwift.framework",
				"${TARGET_BUILD_DIR}/${FRAMEWORKS_FOLDER_PATH}/j2objclib.framework",
			);
			runOnlyForDeploymentPostprocessing = 0;
			shellPath = /bin/sh;
			shellScript = "\"${SRCROOT}/Pods/Target Support Files/Pods-ios/Pods-ios-frameworks.sh\"\n";
			showEnvVarsInLog = 0;
		};
		A9257925BE37F4A39971E551 /* [CP] Copy Pods Resources */ = {
			isa = PBXShellScriptBuildPhase;
			buildActionMask = 2147483647;
			files = (
			);
			inputPaths = (
			);
			name = "[CP] Copy Pods Resources";
			outputPaths = (
			);
			runOnlyForDeploymentPostprocessing = 0;
			shellPath = /bin/sh;
			shellScript = "\"${SRCROOT}/Pods/Target Support Files/Pods-ios/Pods-ios-resources.sh\"\n";
			showEnvVarsInLog = 0;
		};
		C526942028D35BB5E08B7B07 /* [CP] Embed Pods Frameworks */ = {
			isa = PBXShellScriptBuildPhase;
			buildActionMask = 2147483647;
			files = (
			);
			inputPaths = (
			);
			name = "[CP] Embed Pods Frameworks";
			outputPaths = (
			);
			runOnlyForDeploymentPostprocessing = 0;
			shellPath = /bin/sh;
			shellScript = "\"${SRCROOT}/Pods/Target Support Files/Pods-iosTests/Pods-iosTests-frameworks.sh\"\n";
			showEnvVarsInLog = 0;
		};
		E0C93D454AAAAFCFD7B4D588 /* [CP] Copy Pods Resources */ = {
			isa = PBXShellScriptBuildPhase;
			buildActionMask = 2147483647;
			files = (
			);
			inputPaths = (
			);
			name = "[CP] Copy Pods Resources";
			outputPaths = (
			);
			runOnlyForDeploymentPostprocessing = 0;
			shellPath = /bin/sh;
			shellScript = "\"${SRCROOT}/Pods/Target Support Files/Pods-iosTests/Pods-iosTests-resources.sh\"\n";
			showEnvVarsInLog = 0;
		};
		ED5E9FDEAC7BB5E166529278 /* [CP] Check Pods Manifest.lock */ = {
			isa = PBXShellScriptBuildPhase;
			buildActionMask = 2147483647;
			files = (
			);
			inputPaths = (
				"${PODS_PODFILE_DIR_PATH}/Podfile.lock",
				"${PODS_ROOT}/Manifest.lock",
			);
			name = "[CP] Check Pods Manifest.lock";
			outputPaths = (
				"$(DERIVED_FILE_DIR)/Pods-iosTests-checkManifestLockResult.txt",
			);
			runOnlyForDeploymentPostprocessing = 0;
			shellPath = /bin/sh;
			shellScript = "diff \"${PODS_PODFILE_DIR_PATH}/Podfile.lock\" \"${PODS_ROOT}/Manifest.lock\" > /dev/null\nif [ $? != 0 ] ; then\n    # print error to STDERR\n    echo \"error: The sandbox is not in sync with the Podfile.lock. Run 'pod install' or update your CocoaPods installation.\" >&2\n    exit 1\nfi\n# This output is used by Xcode 'outputs' to avoid re-running this script phase.\necho \"SUCCESS\" > \"${SCRIPT_OUTPUT_FILE_0}\"\n";
			showEnvVarsInLog = 0;
		};
/* End PBXShellScriptBuildPhase section */

/* Begin PBXSourcesBuildPhase section */
		63F9A4172060626F00B72E4D /* Sources */ = {
			isa = PBXSourcesBuildPhase;
			buildActionMask = 2147483647;
			files = (
				63F9A4212060626F00B72E4D /* ViewController.swift in Sources */,
				A22395FC20BC33B800F63DA0 /* AlamoFireService.swift in Sources */,
				63F9A41F2060626F00B72E4D /* AppDelegate.swift in Sources */,
			);
			runOnlyForDeploymentPostprocessing = 0;
		};
		63F9A42B2060626F00B72E4D /* Sources */ = {
			isa = PBXSourcesBuildPhase;
			buildActionMask = 2147483647;
			files = (
				63F9A4342060626F00B72E4D /* iosTests.swift in Sources */,
			);
			runOnlyForDeploymentPostprocessing = 0;
		};
		63F9A4362060626F00B72E4D /* Sources */ = {
			isa = PBXSourcesBuildPhase;
			buildActionMask = 2147483647;
			files = (
				63F9A43F2060626F00B72E4D /* iosUITests.swift in Sources */,
			);
			runOnlyForDeploymentPostprocessing = 0;
		};
/* End PBXSourcesBuildPhase section */

/* Begin PBXTargetDependency section */
		63F9A4312060626F00B72E4D /* PBXTargetDependency */ = {
			isa = PBXTargetDependency;
			target = 63F9A41A2060626F00B72E4D /* ios */;
			targetProxy = 63F9A4302060626F00B72E4D /* PBXContainerItemProxy */;
		};
		63F9A43C2060626F00B72E4D /* PBXTargetDependency */ = {
			isa = PBXTargetDependency;
			target = 63F9A41A2060626F00B72E4D /* ios */;
			targetProxy = 63F9A43B2060626F00B72E4D /* PBXContainerItemProxy */;
		};
/* End PBXTargetDependency section */

/* Begin PBXVariantGroup section */
		63F9A4222060626F00B72E4D /* Main.storyboard */ = {
			isa = PBXVariantGroup;
			children = (
				63F9A4232060626F00B72E4D /* Base */,
			);
			name = Main.storyboard;
			sourceTree = "<group>";
		};
		63F9A4272060626F00B72E4D /* LaunchScreen.storyboard */ = {
			isa = PBXVariantGroup;
			children = (
				63F9A4282060626F00B72E4D /* Base */,
			);
			name = LaunchScreen.storyboard;
			sourceTree = "<group>";
		};
/* End PBXVariantGroup section */

/* Begin XCBuildConfiguration section */
		63F9A4412060626F00B72E4D /* Debug */ = {
			isa = XCBuildConfiguration;
			buildSettings = {
				ALWAYS_SEARCH_USER_PATHS = NO;
				CLANG_ANALYZER_NONNULL = YES;
				CLANG_ANALYZER_NUMBER_OBJECT_CONVERSION = YES_AGGRESSIVE;
				CLANG_CXX_LANGUAGE_STANDARD = "gnu++14";
				CLANG_CXX_LIBRARY = "libc++";
				CLANG_ENABLE_MODULES = YES;
				CLANG_ENABLE_OBJC_ARC = YES;
				CLANG_WARN_BLOCK_CAPTURE_AUTORELEASING = YES;
				CLANG_WARN_BOOL_CONVERSION = YES;
				CLANG_WARN_COMMA = YES;
				CLANG_WARN_CONSTANT_CONVERSION = YES;
				CLANG_WARN_DIRECT_OBJC_ISA_USAGE = YES_ERROR;
				CLANG_WARN_DOCUMENTATION_COMMENTS = YES;
				CLANG_WARN_EMPTY_BODY = YES;
				CLANG_WARN_ENUM_CONVERSION = YES;
				CLANG_WARN_INFINITE_RECURSION = YES;
				CLANG_WARN_INT_CONVERSION = YES;
				CLANG_WARN_NON_LITERAL_NULL_CONVERSION = YES;
				CLANG_WARN_OBJC_LITERAL_CONVERSION = YES;
				CLANG_WARN_OBJC_ROOT_CLASS = YES_ERROR;
				CLANG_WARN_RANGE_LOOP_ANALYSIS = YES;
				CLANG_WARN_STRICT_PROTOTYPES = YES;
				CLANG_WARN_SUSPICIOUS_MOVE = YES;
				CLANG_WARN_UNGUARDED_AVAILABILITY = YES_AGGRESSIVE;
				CLANG_WARN_UNREACHABLE_CODE = YES;
				CLANG_WARN__DUPLICATE_METHOD_MATCH = YES;
				CODE_SIGN_IDENTITY = "iPhone Developer";
				COPY_PHASE_STRIP = NO;
				DEBUG_INFORMATION_FORMAT = dwarf;
				ENABLE_STRICT_OBJC_MSGSEND = YES;
				ENABLE_TESTABILITY = YES;
				GCC_C_LANGUAGE_STANDARD = gnu11;
				GCC_DYNAMIC_NO_PIC = NO;
				GCC_NO_COMMON_BLOCKS = YES;
				GCC_OPTIMIZATION_LEVEL = 0;
				GCC_PREPROCESSOR_DEFINITIONS = (
					"DEBUG=1",
					"$(inherited)",
				);
				GCC_WARN_64_TO_32_BIT_CONVERSION = YES;
				GCC_WARN_ABOUT_RETURN_TYPE = YES_ERROR;
				GCC_WARN_UNDECLARED_SELECTOR = YES;
				GCC_WARN_UNINITIALIZED_AUTOS = YES_AGGRESSIVE;
				GCC_WARN_UNUSED_FUNCTION = YES;
				GCC_WARN_UNUSED_VARIABLE = YES;
				IPHONEOS_DEPLOYMENT_TARGET = 11.2;
				MTL_ENABLE_DEBUG_INFO = YES;
				ONLY_ACTIVE_ARCH = YES;
				SDKROOT = iphoneos;
				SWIFT_ACTIVE_COMPILATION_CONDITIONS = DEBUG;
				SWIFT_OPTIMIZATION_LEVEL = "-Onone";
			};
			name = Debug;
		};
		63F9A4422060626F00B72E4D /* Release */ = {
			isa = XCBuildConfiguration;
			buildSettings = {
				ALWAYS_SEARCH_USER_PATHS = NO;
				CLANG_ANALYZER_NONNULL = YES;
				CLANG_ANALYZER_NUMBER_OBJECT_CONVERSION = YES_AGGRESSIVE;
				CLANG_CXX_LANGUAGE_STANDARD = "gnu++14";
				CLANG_CXX_LIBRARY = "libc++";
				CLANG_ENABLE_MODULES = YES;
				CLANG_ENABLE_OBJC_ARC = YES;
				CLANG_WARN_BLOCK_CAPTURE_AUTORELEASING = YES;
				CLANG_WARN_BOOL_CONVERSION = YES;
				CLANG_WARN_COMMA = YES;
				CLANG_WARN_CONSTANT_CONVERSION = YES;
				CLANG_WARN_DIRECT_OBJC_ISA_USAGE = YES_ERROR;
				CLANG_WARN_DOCUMENTATION_COMMENTS = YES;
				CLANG_WARN_EMPTY_BODY = YES;
				CLANG_WARN_ENUM_CONVERSION = YES;
				CLANG_WARN_INFINITE_RECURSION = YES;
				CLANG_WARN_INT_CONVERSION = YES;
				CLANG_WARN_NON_LITERAL_NULL_CONVERSION = YES;
				CLANG_WARN_OBJC_LITERAL_CONVERSION = YES;
				CLANG_WARN_OBJC_ROOT_CLASS = YES_ERROR;
				CLANG_WARN_RANGE_LOOP_ANALYSIS = YES;
				CLANG_WARN_STRICT_PROTOTYPES = YES;
				CLANG_WARN_SUSPICIOUS_MOVE = YES;
				CLANG_WARN_UNGUARDED_AVAILABILITY = YES_AGGRESSIVE;
				CLANG_WARN_UNREACHABLE_CODE = YES;
				CLANG_WARN__DUPLICATE_METHOD_MATCH = YES;
				CODE_SIGN_IDENTITY = "iPhone Developer";
				COPY_PHASE_STRIP = NO;
				DEBUG_INFORMATION_FORMAT = "dwarf-with-dsym";
				ENABLE_NS_ASSERTIONS = NO;
				ENABLE_STRICT_OBJC_MSGSEND = YES;
				GCC_C_LANGUAGE_STANDARD = gnu11;
				GCC_NO_COMMON_BLOCKS = YES;
				GCC_WARN_64_TO_32_BIT_CONVERSION = YES;
				GCC_WARN_ABOUT_RETURN_TYPE = YES_ERROR;
				GCC_WARN_UNDECLARED_SELECTOR = YES;
				GCC_WARN_UNINITIALIZED_AUTOS = YES_AGGRESSIVE;
				GCC_WARN_UNUSED_FUNCTION = YES;
				GCC_WARN_UNUSED_VARIABLE = YES;
				IPHONEOS_DEPLOYMENT_TARGET = 11.2;
				MTL_ENABLE_DEBUG_INFO = NO;
				SDKROOT = iphoneos;
				SWIFT_OPTIMIZATION_LEVEL = "-Owholemodule";
				VALIDATE_PRODUCT = YES;
			};
			name = Release;
		};
		63F9A4442060626F00B72E4D /* Debug */ = {
			isa = XCBuildConfiguration;
			baseConfigurationReference = C93F62BB779DF89B754CA962 /* Pods-ios.debug.xcconfig */;
			buildSettings = {
				ASSETCATALOG_COMPILER_APPICON_NAME = AppIcon;
				CODE_SIGN_STYLE = Automatic;
				INFOPLIST_FILE = ios/Info.plist;
				LD_RUNPATH_SEARCH_PATHS = "$(inherited) @executable_path/Frameworks";
				PRODUCT_BUNDLE_IDENTIFIER = co.touchlab.ios;
				PRODUCT_NAME = "$(TARGET_NAME)";
				SWIFT_VERSION = 4.0;
				TARGETED_DEVICE_FAMILY = "1,2";
			};
			name = Debug;
		};
		63F9A4452060626F00B72E4D /* Release */ = {
			isa = XCBuildConfiguration;
			baseConfigurationReference = 3CC18BD6E00EFCE6BA640C49 /* Pods-ios.release.xcconfig */;
			buildSettings = {
				ASSETCATALOG_COMPILER_APPICON_NAME = AppIcon;
				CODE_SIGN_STYLE = Automatic;
				INFOPLIST_FILE = ios/Info.plist;
				LD_RUNPATH_SEARCH_PATHS = "$(inherited) @executable_path/Frameworks";
				PRODUCT_BUNDLE_IDENTIFIER = co.touchlab.ios;
				PRODUCT_NAME = "$(TARGET_NAME)";
				SWIFT_VERSION = 4.0;
				TARGETED_DEVICE_FAMILY = "1,2";
			};
			name = Release;
		};
		63F9A4472060626F00B72E4D /* Debug */ = {
			isa = XCBuildConfiguration;
			baseConfigurationReference = AE4E4D0C256D48DBDC63C290 /* Pods-iosTests.debug.xcconfig */;
			buildSettings = {
				ALWAYS_EMBED_SWIFT_STANDARD_LIBRARIES = YES;
				BUNDLE_LOADER = "$(TEST_HOST)";
				CODE_SIGN_STYLE = Automatic;
				INFOPLIST_FILE = iosTests/Info.plist;
				LD_RUNPATH_SEARCH_PATHS = "$(inherited) @executable_path/Frameworks @loader_path/Frameworks";
				PRODUCT_BUNDLE_IDENTIFIER = co.touchlab.iosTests;
				PRODUCT_NAME = "$(TARGET_NAME)";
				SWIFT_VERSION = 4.0;
				TARGETED_DEVICE_FAMILY = "1,2";
				TEST_HOST = "$(BUILT_PRODUCTS_DIR)/ios.app/ios";
			};
			name = Debug;
		};
		63F9A4482060626F00B72E4D /* Release */ = {
			isa = XCBuildConfiguration;
			baseConfigurationReference = AEFE4B18F7B7A3ED7519DE64 /* Pods-iosTests.release.xcconfig */;
			buildSettings = {
				ALWAYS_EMBED_SWIFT_STANDARD_LIBRARIES = YES;
				BUNDLE_LOADER = "$(TEST_HOST)";
				CODE_SIGN_STYLE = Automatic;
				INFOPLIST_FILE = iosTests/Info.plist;
				LD_RUNPATH_SEARCH_PATHS = "$(inherited) @executable_path/Frameworks @loader_path/Frameworks";
				PRODUCT_BUNDLE_IDENTIFIER = co.touchlab.iosTests;
				PRODUCT_NAME = "$(TARGET_NAME)";
				SWIFT_VERSION = 4.0;
				TARGETED_DEVICE_FAMILY = "1,2";
				TEST_HOST = "$(BUILT_PRODUCTS_DIR)/ios.app/ios";
			};
			name = Release;
		};
		63F9A44A2060626F00B72E4D /* Debug */ = {
			isa = XCBuildConfiguration;
			baseConfigurationReference = 9BB124FA0A9C2BF64C26881F /* Pods-iosUITests.debug.xcconfig */;
			buildSettings = {
				ALWAYS_EMBED_SWIFT_STANDARD_LIBRARIES = YES;
				CODE_SIGN_STYLE = Automatic;
				INFOPLIST_FILE = iosUITests/Info.plist;
				LD_RUNPATH_SEARCH_PATHS = "$(inherited) @executable_path/Frameworks @loader_path/Frameworks";
				PRODUCT_BUNDLE_IDENTIFIER = co.touchlab.iosUITests;
				PRODUCT_NAME = "$(TARGET_NAME)";
				SWIFT_VERSION = 4.0;
				TARGETED_DEVICE_FAMILY = "1,2";
				TEST_TARGET_NAME = ios;
			};
			name = Debug;
		};
		63F9A44B2060626F00B72E4D /* Release */ = {
			isa = XCBuildConfiguration;
			baseConfigurationReference = 9EF9214BEA56BF30A7A55A73 /* Pods-iosUITests.release.xcconfig */;
			buildSettings = {
				ALWAYS_EMBED_SWIFT_STANDARD_LIBRARIES = YES;
				CODE_SIGN_STYLE = Automatic;
				INFOPLIST_FILE = iosUITests/Info.plist;
				LD_RUNPATH_SEARCH_PATHS = "$(inherited) @executable_path/Frameworks @loader_path/Frameworks";
				PRODUCT_BUNDLE_IDENTIFIER = co.touchlab.iosUITests;
				PRODUCT_NAME = "$(TARGET_NAME)";
				SWIFT_VERSION = 4.0;
				TARGETED_DEVICE_FAMILY = "1,2";
				TEST_TARGET_NAME = ios;
			};
			name = Release;
		};
/* End XCBuildConfiguration section */

/* Begin XCConfigurationList section */
		63F9A4162060626F00B72E4D /* Build configuration list for PBXProject "ios" */ = {
			isa = XCConfigurationList;
			buildConfigurations = (
				63F9A4412060626F00B72E4D /* Debug */,
				63F9A4422060626F00B72E4D /* Release */,
			);
			defaultConfigurationIsVisible = 0;
			defaultConfigurationName = Release;
		};
		63F9A4432060626F00B72E4D /* Build configuration list for PBXNativeTarget "ios" */ = {
			isa = XCConfigurationList;
			buildConfigurations = (
				63F9A4442060626F00B72E4D /* Debug */,
				63F9A4452060626F00B72E4D /* Release */,
			);
			defaultConfigurationIsVisible = 0;
			defaultConfigurationName = Release;
		};
		63F9A4462060626F00B72E4D /* Build configuration list for PBXNativeTarget "iosTests" */ = {
			isa = XCConfigurationList;
			buildConfigurations = (
				63F9A4472060626F00B72E4D /* Debug */,
				63F9A4482060626F00B72E4D /* Release */,
			);
			defaultConfigurationIsVisible = 0;
			defaultConfigurationName = Release;
		};
		63F9A4492060626F00B72E4D /* Build configuration list for PBXNativeTarget "iosUITests" */ = {
			isa = XCConfigurationList;
			buildConfigurations = (
				63F9A44A2060626F00B72E4D /* Debug */,
				63F9A44B2060626F00B72E4D /* Release */,
			);
			defaultConfigurationIsVisible = 0;
			defaultConfigurationName = Release;
		};
/* End XCConfigurationList section */
	};
	rootObject = 63F9A4132060626F00B72E4D /* Project object */;
}
