// !$*UTF8*$!
{
	archiveVersion = 1;
	classes = {
	};
	objectVersion = 48;
	objects = {

/* Begin PBXBuildFile section */
		17678B72D25F642220166657 /* Pods_iosTestOnly.framework in Frameworks */ = {isa = PBXBuildFile; fileRef = 049B9D82889926D6E1EA6684 /* Pods_iosTestOnly.framework */; };
		6358306920636990002845C3 /* j2objcTests.txt in Resources */ = {isa = PBXBuildFile; fileRef = 6358306820636990002845C3 /* j2objcTests.txt */; };
		6358306B206369D1002845C3 /* prefixes.properties in Resources */ = {isa = PBXBuildFile; fileRef = 6358306A206369D1002845C3 /* prefixes.properties */; };
		637DD891206AB9A1004ECB9A /* iosTestOnlyTests.swift in Sources */ = {isa = PBXBuildFile; fileRef = 637DD890206AB9A1004ECB9A /* iosTestOnlyTests.swift */; };
		638F94042063641A00CA30F5 /* AppDelegate.swift in Sources */ = {isa = PBXBuildFile; fileRef = 638F94032063641A00CA30F5 /* AppDelegate.swift */; };
		638F94062063641A00CA30F5 /* ViewController.swift in Sources */ = {isa = PBXBuildFile; fileRef = 638F94052063641A00CA30F5 /* ViewController.swift */; };
		638F94092063641A00CA30F5 /* Main.storyboard in Resources */ = {isa = PBXBuildFile; fileRef = 638F94072063641A00CA30F5 /* Main.storyboard */; };
		638F940B2063641A00CA30F5 /* Assets.xcassets in Resources */ = {isa = PBXBuildFile; fileRef = 638F940A2063641A00CA30F5 /* Assets.xcassets */; };
		638F940E2063641A00CA30F5 /* LaunchScreen.storyboard in Resources */ = {isa = PBXBuildFile; fileRef = 638F940C2063641A00CA30F5 /* LaunchScreen.storyboard */; };
		63F9A41F2060626F00B72E4D /* AppDelegate.swift in Sources */ = {isa = PBXBuildFile; fileRef = 63F9A41E2060626F00B72E4D /* AppDelegate.swift */; };
		63F9A4212060626F00B72E4D /* ViewController.swift in Sources */ = {isa = PBXBuildFile; fileRef = 63F9A4202060626F00B72E4D /* ViewController.swift */; };
		63F9A4242060626F00B72E4D /* Main.storyboard in Resources */ = {isa = PBXBuildFile; fileRef = 63F9A4222060626F00B72E4D /* Main.storyboard */; };
		63F9A4262060626F00B72E4D /* Assets.xcassets in Resources */ = {isa = PBXBuildFile; fileRef = 63F9A4252060626F00B72E4D /* Assets.xcassets */; };
		63F9A4292060626F00B72E4D /* LaunchScreen.storyboard in Resources */ = {isa = PBXBuildFile; fileRef = 63F9A4272060626F00B72E4D /* LaunchScreen.storyboard */; };
		7A74114C0FB724A5C7AF2E41 /* Pods_ios.framework in Frameworks */ = {isa = PBXBuildFile; fileRef = 602DB795A8315DC03A5F7E92 /* Pods_ios.framework */; };
		9100BB6477F8A662EC5F0A3B /* Pods_iosTestOnlyTests.framework in Frameworks */ = {isa = PBXBuildFile; fileRef = 5F7E9C4C884E236FE8C50C67 /* Pods_iosTestOnlyTests.framework */; };
/* End PBXBuildFile section */

/* Begin PBXContainerItemProxy section */
		637DD893206AB9A1004ECB9A /* PBXContainerItemProxy */ = {
			isa = PBXContainerItemProxy;
			containerPortal = 63F9A4132060626F00B72E4D /* Project object */;
			proxyType = 1;
			remoteGlobalIDString = 638F94002063641A00CA30F5;
			remoteInfo = iosTestOnly;
		};
/* End PBXContainerItemProxy section */

/* Begin PBXFileReference section */
		049B9D82889926D6E1EA6684 /* Pods_iosTestOnly.framework */ = {isa = PBXFileReference; explicitFileType = wrapper.framework; includeInIndex = 0; path = Pods_iosTestOnly.framework; sourceTree = BUILT_PRODUCTS_DIR; };
		0DF8FE5B42158FF19EC29304 /* Pods_iosTests.framework */ = {isa = PBXFileReference; explicitFileType = wrapper.framework; includeInIndex = 0; path = Pods_iosTests.framework; sourceTree = BUILT_PRODUCTS_DIR; };
		15277FD75E857F02C54DD83A /* Pods-iosTestOnlyTests.debug.xcconfig */ = {isa = PBXFileReference; includeInIndex = 1; lastKnownFileType = text.xcconfig; name = "Pods-iosTestOnlyTests.debug.xcconfig"; path = "Pods/Target Support Files/Pods-iosTestOnlyTests/Pods-iosTestOnlyTests.debug.xcconfig"; sourceTree = "<group>"; };
		34D10B481E6FBA79BBBF06F9 /* Pods-iosTestOnly.release.xcconfig */ = {isa = PBXFileReference; includeInIndex = 1; lastKnownFileType = text.xcconfig; name = "Pods-iosTestOnly.release.xcconfig"; path = "Pods/Target Support Files/Pods-iosTestOnly/Pods-iosTestOnly.release.xcconfig"; sourceTree = "<group>"; };
		3CC18BD6E00EFCE6BA640C49 /* Pods-ios.release.xcconfig */ = {isa = PBXFileReference; includeInIndex = 1; lastKnownFileType = text.xcconfig; name = "Pods-ios.release.xcconfig"; path = "Pods/Target Support Files/Pods-ios/Pods-ios.release.xcconfig"; sourceTree = "<group>"; };
		5F7E9C4C884E236FE8C50C67 /* Pods_iosTestOnlyTests.framework */ = {isa = PBXFileReference; explicitFileType = wrapper.framework; includeInIndex = 0; path = Pods_iosTestOnlyTests.framework; sourceTree = BUILT_PRODUCTS_DIR; };
		602DB795A8315DC03A5F7E92 /* Pods_ios.framework */ = {isa = PBXFileReference; explicitFileType = wrapper.framework; includeInIndex = 0; path = Pods_ios.framework; sourceTree = BUILT_PRODUCTS_DIR; };
		6358306820636990002845C3 /* j2objcTests.txt */ = {isa = PBXFileReference; fileEncoding = 4; lastKnownFileType = text; name = j2objcTests.txt; path = ../../app/build/j2objcTests.txt; sourceTree = "<group>"; };
		6358306A206369D1002845C3 /* prefixes.properties */ = {isa = PBXFileReference; fileEncoding = 4; lastKnownFileType = text; name = prefixes.properties; path = ../../app/build/prefixes.properties; sourceTree = "<group>"; };
		637DD88E206AB9A1004ECB9A /* iosTestOnlyTests.xctest */ = {isa = PBXFileReference; explicitFileType = wrapper.cfbundle; includeInIndex = 0; path = iosTestOnlyTests.xctest; sourceTree = BUILT_PRODUCTS_DIR; };
		637DD890206AB9A1004ECB9A /* iosTestOnlyTests.swift */ = {isa = PBXFileReference; lastKnownFileType = sourcecode.swift; path = iosTestOnlyTests.swift; sourceTree = "<group>"; };
		637DD892206AB9A1004ECB9A /* Info.plist */ = {isa = PBXFileReference; lastKnownFileType = text.plist.xml; path = Info.plist; sourceTree = "<group>"; };
		638F94012063641A00CA30F5 /* iosTestOnly.app */ = {isa = PBXFileReference; explicitFileType = wrapper.application; includeInIndex = 0; path = iosTestOnly.app; sourceTree = BUILT_PRODUCTS_DIR; };
		638F94032063641A00CA30F5 /* AppDelegate.swift */ = {isa = PBXFileReference; lastKnownFileType = sourcecode.swift; path = AppDelegate.swift; sourceTree = "<group>"; };
		638F94052063641A00CA30F5 /* ViewController.swift */ = {isa = PBXFileReference; lastKnownFileType = sourcecode.swift; path = ViewController.swift; sourceTree = "<group>"; };
		638F94082063641A00CA30F5 /* Base */ = {isa = PBXFileReference; lastKnownFileType = file.storyboard; name = Base; path = Base.lproj/Main.storyboard; sourceTree = "<group>"; };
		638F940A2063641A00CA30F5 /* Assets.xcassets */ = {isa = PBXFileReference; lastKnownFileType = folder.assetcatalog; path = Assets.xcassets; sourceTree = "<group>"; };
		638F940D2063641A00CA30F5 /* Base */ = {isa = PBXFileReference; lastKnownFileType = file.storyboard; name = Base; path = Base.lproj/LaunchScreen.storyboard; sourceTree = "<group>"; };
		638F940F2063641A00CA30F5 /* Info.plist */ = {isa = PBXFileReference; lastKnownFileType = text.plist.xml; path = Info.plist; sourceTree = "<group>"; };
		63F9A41B2060626F00B72E4D /* ios.app */ = {isa = PBXFileReference; explicitFileType = wrapper.application; includeInIndex = 0; path = ios.app; sourceTree = BUILT_PRODUCTS_DIR; };
		63F9A41E2060626F00B72E4D /* AppDelegate.swift */ = {isa = PBXFileReference; lastKnownFileType = sourcecode.swift; path = AppDelegate.swift; sourceTree = "<group>"; };
		63F9A4202060626F00B72E4D /* ViewController.swift */ = {isa = PBXFileReference; lastKnownFileType = sourcecode.swift; path = ViewController.swift; sourceTree = "<group>"; };
		63F9A4232060626F00B72E4D /* Base */ = {isa = PBXFileReference; lastKnownFileType = file.storyboard; name = Base; path = Base.lproj/Main.storyboard; sourceTree = "<group>"; };
		63F9A4252060626F00B72E4D /* Assets.xcassets */ = {isa = PBXFileReference; lastKnownFileType = folder.assetcatalog; path = Assets.xcassets; sourceTree = "<group>"; };
		63F9A4282060626F00B72E4D /* Base */ = {isa = PBXFileReference; lastKnownFileType = file.storyboard; name = Base; path = Base.lproj/LaunchScreen.storyboard; sourceTree = "<group>"; };
		63F9A42A2060626F00B72E4D /* Info.plist */ = {isa = PBXFileReference; lastKnownFileType = text.plist.xml; path = Info.plist; sourceTree = "<group>"; };
		A769CDC2E9F55C36B088A3C8 /* Pods-iosTestOnlyTests.release.xcconfig */ = {isa = PBXFileReference; includeInIndex = 1; lastKnownFileType = text.xcconfig; name = "Pods-iosTestOnlyTests.release.xcconfig"; path = "Pods/Target Support Files/Pods-iosTestOnlyTests/Pods-iosTestOnlyTests.release.xcconfig"; sourceTree = "<group>"; };
		C93F62BB779DF89B754CA962 /* Pods-ios.debug.xcconfig */ = {isa = PBXFileReference; includeInIndex = 1; lastKnownFileType = text.xcconfig; name = "Pods-ios.debug.xcconfig"; path = "Pods/Target Support Files/Pods-ios/Pods-ios.debug.xcconfig"; sourceTree = "<group>"; };
		DBACFA83C40AAC885FAA1990 /* Pods-iosTestOnly.debug.xcconfig */ = {isa = PBXFileReference; includeInIndex = 1; lastKnownFileType = text.xcconfig; name = "Pods-iosTestOnly.debug.xcconfig"; path = "Pods/Target Support Files/Pods-iosTestOnly/Pods-iosTestOnly.debug.xcconfig"; sourceTree = "<group>"; };
		FB8274A6961478F022312F9F /* Pods_iosUITests.framework */ = {isa = PBXFileReference; explicitFileType = wrapper.framework; includeInIndex = 0; path = Pods_iosUITests.framework; sourceTree = BUILT_PRODUCTS_DIR; };
/* End PBXFileReference section */

/* Begin PBXFrameworksBuildPhase section */
		637DD88B206AB9A1004ECB9A /* Frameworks */ = {
			isa = PBXFrameworksBuildPhase;
			buildActionMask = 2147483647;
			files = (
				9100BB6477F8A662EC5F0A3B /* Pods_iosTestOnlyTests.framework in Frameworks */,
			);
			runOnlyForDeploymentPostprocessing = 0;
		};
		638F93FE2063641A00CA30F5 /* Frameworks */ = {
			isa = PBXFrameworksBuildPhase;
			buildActionMask = 2147483647;
			files = (
				17678B72D25F642220166657 /* Pods_iosTestOnly.framework in Frameworks */,
			);
			runOnlyForDeploymentPostprocessing = 0;
		};
		63F9A4182060626F00B72E4D /* Frameworks */ = {
			isa = PBXFrameworksBuildPhase;
			buildActionMask = 2147483647;
			files = (
				7A74114C0FB724A5C7AF2E41 /* Pods_ios.framework in Frameworks */,
			);
			runOnlyForDeploymentPostprocessing = 0;
		};
/* End PBXFrameworksBuildPhase section */

/* Begin PBXGroup section */
		35863FD4AEBD7D33BA8C53DD /* Pods */ = {
			isa = PBXGroup;
			children = (
				C93F62BB779DF89B754CA962 /* Pods-ios.debug.xcconfig */,
				3CC18BD6E00EFCE6BA640C49 /* Pods-ios.release.xcconfig */,
				DBACFA83C40AAC885FAA1990 /* Pods-iosTestOnly.debug.xcconfig */,
				34D10B481E6FBA79BBBF06F9 /* Pods-iosTestOnly.release.xcconfig */,
				15277FD75E857F02C54DD83A /* Pods-iosTestOnlyTests.debug.xcconfig */,
				A769CDC2E9F55C36B088A3C8 /* Pods-iosTestOnlyTests.release.xcconfig */,
			);
			name = Pods;
			sourceTree = "<group>";
		};
		637DD88F206AB9A1004ECB9A /* iosTestOnlyTests */ = {
			isa = PBXGroup;
			children = (
				637DD890206AB9A1004ECB9A /* iosTestOnlyTests.swift */,
				637DD892206AB9A1004ECB9A /* Info.plist */,
			);
			path = iosTestOnlyTests;
			sourceTree = "<group>";
		};
		638F94022063641A00CA30F5 /* iosTestOnly */ = {
			isa = PBXGroup;
			children = (
				638F94032063641A00CA30F5 /* AppDelegate.swift */,
				6358306820636990002845C3 /* j2objcTests.txt */,
				6358306A206369D1002845C3 /* prefixes.properties */,
				638F94052063641A00CA30F5 /* ViewController.swift */,
				638F94072063641A00CA30F5 /* Main.storyboard */,
				638F940A2063641A00CA30F5 /* Assets.xcassets */,
				638F940C2063641A00CA30F5 /* LaunchScreen.storyboard */,
				638F940F2063641A00CA30F5 /* Info.plist */,
			);
			path = iosTestOnly;
			sourceTree = "<group>";
		};
		63F9A4122060626F00B72E4D = {
			isa = PBXGroup;
			children = (
				63F9A41D2060626F00B72E4D /* ios */,
				638F94022063641A00CA30F5 /* iosTestOnly */,
				637DD88F206AB9A1004ECB9A /* iosTestOnlyTests */,
				63F9A41C2060626F00B72E4D /* Products */,
				35863FD4AEBD7D33BA8C53DD /* Pods */,
				F8354EDCF9981374E6F1C082 /* Frameworks */,
			);
			sourceTree = "<group>";
		};
		63F9A41C2060626F00B72E4D /* Products */ = {
			isa = PBXGroup;
			children = (
				63F9A41B2060626F00B72E4D /* ios.app */,
				638F94012063641A00CA30F5 /* iosTestOnly.app */,
				637DD88E206AB9A1004ECB9A /* iosTestOnlyTests.xctest */,
			);
			name = Products;
			sourceTree = "<group>";
		};
		63F9A41D2060626F00B72E4D /* ios */ = {
			isa = PBXGroup;
			children = (
				63F9A41E2060626F00B72E4D /* AppDelegate.swift */,
				63F9A4202060626F00B72E4D /* ViewController.swift */,
				63F9A4222060626F00B72E4D /* Main.storyboard */,
				63F9A4252060626F00B72E4D /* Assets.xcassets */,
				63F9A4272060626F00B72E4D /* LaunchScreen.storyboard */,
				63F9A42A2060626F00B72E4D /* Info.plist */,
			);
			path = ios;
			sourceTree = "<group>";
		};
		F8354EDCF9981374E6F1C082 /* Frameworks */ = {
			isa = PBXGroup;
			children = (
				602DB795A8315DC03A5F7E92 /* Pods_ios.framework */,
				0DF8FE5B42158FF19EC29304 /* Pods_iosTests.framework */,
				FB8274A6961478F022312F9F /* Pods_iosUITests.framework */,
				049B9D82889926D6E1EA6684 /* Pods_iosTestOnly.framework */,
				5F7E9C4C884E236FE8C50C67 /* Pods_iosTestOnlyTests.framework */,
			);
			name = Frameworks;
			sourceTree = "<group>";
		};
/* End PBXGroup section */

/* Begin PBXNativeTarget section */
		637DD88D206AB9A1004ECB9A /* iosTestOnlyTests */ = {
			isa = PBXNativeTarget;
			buildConfigurationList = 637DD895206AB9A1004ECB9A /* Build configuration list for PBXNativeTarget "iosTestOnlyTests" */;
			buildPhases = (
				87262A6958677BA04FBDA2DA /* [CP] Check Pods Manifest.lock */,
				637DD88A206AB9A1004ECB9A /* Sources */,
				637DD88B206AB9A1004ECB9A /* Frameworks */,
				637DD88C206AB9A1004ECB9A /* Resources */,
				7BC1A328C57E83147B1300B2 /* [CP] Embed Pods Frameworks */,
				4890EAA175ACD077FC6847DE /* [CP] Copy Pods Resources */,
			);
			buildRules = (
			);
			dependencies = (
				637DD894206AB9A1004ECB9A /* PBXTargetDependency */,
			);
			name = iosTestOnlyTests;
			productName = iosTestOnlyTests;
			productReference = 637DD88E206AB9A1004ECB9A /* iosTestOnlyTests.xctest */;
			productType = "com.apple.product-type.bundle.unit-test";
		};
		638F94002063641A00CA30F5 /* iosTestOnly */ = {
			isa = PBXNativeTarget;
			buildConfigurationList = 638F941F2063641A00CA30F5 /* Build configuration list for PBXNativeTarget "iosTestOnly" */;
			buildPhases = (
				200AF830B5C9818B7C77FEE7 /* [CP] Check Pods Manifest.lock */,
				638F93FD2063641A00CA30F5 /* Sources */,
				638F93FE2063641A00CA30F5 /* Frameworks */,
				638F93FF2063641A00CA30F5 /* Resources */,
				B348B582A56C275F899BB0F7 /* [CP] Embed Pods Frameworks */,
				00BE840C3FB6FEA21FB733F7 /* [CP] Copy Pods Resources */,
			);
			buildRules = (
			);
			dependencies = (
			);
			name = iosTestOnly;
			productName = iosTestOnly;
			productReference = 638F94012063641A00CA30F5 /* iosTestOnly.app */;
			productType = "com.apple.product-type.application";
		};
		63F9A41A2060626F00B72E4D /* ios */ = {
			isa = PBXNativeTarget;
			buildConfigurationList = 63F9A4432060626F00B72E4D /* Build configuration list for PBXNativeTarget "ios" */;
			buildPhases = (
				278586939E3AB58AD5005449 /* [CP] Check Pods Manifest.lock */,
				63F9A4172060626F00B72E4D /* Sources */,
				63F9A4182060626F00B72E4D /* Frameworks */,
				63F9A4192060626F00B72E4D /* Resources */,
				94623B6F3FD82A08F2EADFFA /* [CP] Embed Pods Frameworks */,
				390E6BF5FB0DA734E1C0ACE6 /* [CP] Copy Pods Resources */,
			);
			buildRules = (
			);
			dependencies = (
			);
			name = ios;
			productName = ios;
			productReference = 63F9A41B2060626F00B72E4D /* ios.app */;
			productType = "com.apple.product-type.application";
		};
/* End PBXNativeTarget section */

/* Begin PBXProject section */
		63F9A4132060626F00B72E4D /* Project object */ = {
			isa = PBXProject;
			attributes = {
				LastSwiftUpdateCheck = 0920;
				LastUpgradeCheck = 0920;
				ORGANIZATIONNAME = "Kevin Galligan";
				TargetAttributes = {
					637DD88D206AB9A1004ECB9A = {
						CreatedOnToolsVersion = 9.2;
						ProvisioningStyle = Automatic;
						TestTargetID = 638F94002063641A00CA30F5;
					};
					638F94002063641A00CA30F5 = {
						CreatedOnToolsVersion = 9.2;
						ProvisioningStyle = Automatic;
					};
					63F9A41A2060626F00B72E4D = {
						CreatedOnToolsVersion = 9.2;
						ProvisioningStyle = Automatic;
					};
				};
			};
			buildConfigurationList = 63F9A4162060626F00B72E4D /* Build configuration list for PBXProject "ios" */;
			compatibilityVersion = "Xcode 8.0";
			developmentRegion = en;
			hasScannedForEncodings = 0;
			knownRegions = (
				en,
				Base,
			);
			mainGroup = 63F9A4122060626F00B72E4D;
			productRefGroup = 63F9A41C2060626F00B72E4D /* Products */;
			projectDirPath = "";
			projectRoot = "";
			targets = (
				63F9A41A2060626F00B72E4D /* ios */,
				638F94002063641A00CA30F5 /* iosTestOnly */,
				637DD88D206AB9A1004ECB9A /* iosTestOnlyTests */,
			);
		};
/* End PBXProject section */

/* Begin PBXResourcesBuildPhase section */
		637DD88C206AB9A1004ECB9A /* Resources */ = {
			isa = PBXResourcesBuildPhase;
			buildActionMask = 2147483647;
			files = (
			);
			runOnlyForDeploymentPostprocessing = 0;
		};
		638F93FF2063641A00CA30F5 /* Resources */ = {
			isa = PBXResourcesBuildPhase;
			buildActionMask = 2147483647;
			files = (
				638F940E2063641A00CA30F5 /* LaunchScreen.storyboard in Resources */,
				638F940B2063641A00CA30F5 /* Assets.xcassets in Resources */,
				6358306B206369D1002845C3 /* prefixes.properties in Resources */,
				6358306920636990002845C3 /* j2objcTests.txt in Resources */,
				638F94092063641A00CA30F5 /* Main.storyboard in Resources */,
			);
			runOnlyForDeploymentPostprocessing = 0;
		};
		63F9A4192060626F00B72E4D /* Resources */ = {
			isa = PBXResourcesBuildPhase;
			buildActionMask = 2147483647;
			files = (
				63F9A4292060626F00B72E4D /* LaunchScreen.storyboard in Resources */,
				63F9A4262060626F00B72E4D /* Assets.xcassets in Resources */,
				63F9A4242060626F00B72E4D /* Main.storyboard in Resources */,
			);
			runOnlyForDeploymentPostprocessing = 0;
		};
/* End PBXResourcesBuildPhase section */

/* Begin PBXShellScriptBuildPhase section */
		00BE840C3FB6FEA21FB733F7 /* [CP] Copy Pods Resources */ = {
			isa = PBXShellScriptBuildPhase;
			buildActionMask = 2147483647;
			files = (
			);
			inputPaths = (
			);
			name = "[CP] Copy Pods Resources";
			outputPaths = (
			);
			runOnlyForDeploymentPostprocessing = 0;
			shellPath = /bin/sh;
			shellScript = "\"${SRCROOT}/Pods/Target Support Files/Pods-iosTestOnly/Pods-iosTestOnly-resources.sh\"\n";
			showEnvVarsInLog = 0;
		};
		200AF830B5C9818B7C77FEE7 /* [CP] Check Pods Manifest.lock */ = {
			isa = PBXShellScriptBuildPhase;
			buildActionMask = 2147483647;
			files = (
			);
			inputPaths = (
				"${PODS_PODFILE_DIR_PATH}/Podfile.lock",
				"${PODS_ROOT}/Manifest.lock",
			);
			name = "[CP] Check Pods Manifest.lock";
			outputPaths = (
				"$(DERIVED_FILE_DIR)/Pods-iosTestOnly-checkManifestLockResult.txt",
			);
			runOnlyForDeploymentPostprocessing = 0;
			shellPath = /bin/sh;
			shellScript = "diff \"${PODS_PODFILE_DIR_PATH}/Podfile.lock\" \"${PODS_ROOT}/Manifest.lock\" > /dev/null\nif [ $? != 0 ] ; then\n    # print error to STDERR\n    echo \"error: The sandbox is not in sync with the Podfile.lock. Run 'pod install' or update your CocoaPods installation.\" >&2\n    exit 1\nfi\n# This output is used by Xcode 'outputs' to avoid re-running this script phase.\necho \"SUCCESS\" > \"${SCRIPT_OUTPUT_FILE_0}\"\n";
			showEnvVarsInLog = 0;
		};
		278586939E3AB58AD5005449 /* [CP] Check Pods Manifest.lock */ = {
			isa = PBXShellScriptBuildPhase;
			buildActionMask = 2147483647;
			files = (
			);
			inputPaths = (
				"${PODS_PODFILE_DIR_PATH}/Podfile.lock",
				"${PODS_ROOT}/Manifest.lock",
			);
			name = "[CP] Check Pods Manifest.lock";
			outputPaths = (
				"$(DERIVED_FILE_DIR)/Pods-ios-checkManifestLockResult.txt",
			);
			runOnlyForDeploymentPostprocessing = 0;
			shellPath = /bin/sh;
			shellScript = "diff \"${PODS_PODFILE_DIR_PATH}/Podfile.lock\" \"${PODS_ROOT}/Manifest.lock\" > /dev/null\nif [ $? != 0 ] ; then\n    # print error to STDERR\n    echo \"error: The sandbox is not in sync with the Podfile.lock. Run 'pod install' or update your CocoaPods installation.\" >&2\n    exit 1\nfi\n# This output is used by Xcode 'outputs' to avoid re-running this script phase.\necho \"SUCCESS\" > \"${SCRIPT_OUTPUT_FILE_0}\"\n";
			showEnvVarsInLog = 0;
		};
		390E6BF5FB0DA734E1C0ACE6 /* [CP] Copy Pods Resources */ = {
			isa = PBXShellScriptBuildPhase;
			buildActionMask = 2147483647;
			files = (
			);
			inputPaths = (
			);
			name = "[CP] Copy Pods Resources";
			outputPaths = (
			);
			runOnlyForDeploymentPostprocessing = 0;
			shellPath = /bin/sh;
			shellScript = "\"${SRCROOT}/Pods/Target Support Files/Pods-ios/Pods-ios-resources.sh\"\n";
			showEnvVarsInLog = 0;
		};
		4890EAA175ACD077FC6847DE /* [CP] Copy Pods Resources */ = {
			isa = PBXShellScriptBuildPhase;
			buildActionMask = 2147483647;
			files = (
			);
			inputPaths = (
			);
			name = "[CP] Copy Pods Resources";
			outputPaths = (
			);
			runOnlyForDeploymentPostprocessing = 0;
			shellPath = /bin/sh;
			shellScript = "\"${SRCROOT}/Pods/Target Support Files/Pods-iosTestOnlyTests/Pods-iosTestOnlyTests-resources.sh\"\n";
			showEnvVarsInLog = 0;
		};
		7BC1A328C57E83147B1300B2 /* [CP] Embed Pods Frameworks */ = {
			isa = PBXShellScriptBuildPhase;
			buildActionMask = 2147483647;
			files = (
			);
			inputPaths = (
				"${SRCROOT}/Pods/Target Support Files/Pods-iosTestOnlyTests/Pods-iosTestOnlyTests-frameworks.sh",
				"${BUILT_PRODUCTS_DIR}/testj2objclib/testj2objclib.framework",
			);
			name = "[CP] Embed Pods Frameworks";
			outputPaths = (
				"${TARGET_BUILD_DIR}/${FRAMEWORKS_FOLDER_PATH}/testj2objclib.framework",
			);
			runOnlyForDeploymentPostprocessing = 0;
			shellPath = /bin/sh;
			shellScript = "\"${SRCROOT}/Pods/Target Support Files/Pods-iosTestOnlyTests/Pods-iosTestOnlyTests-frameworks.sh\"\n";
			showEnvVarsInLog = 0;
		};
		87262A6958677BA04FBDA2DA /* [CP] Check Pods Manifest.lock */ = {
			isa = PBXShellScriptBuildPhase;
			buildActionMask = 2147483647;
			files = (
			);
			inputPaths = (
				"${PODS_PODFILE_DIR_PATH}/Podfile.lock",
				"${PODS_ROOT}/Manifest.lock",
			);
			name = "[CP] Check Pods Manifest.lock";
			outputPaths = (
				"$(DERIVED_FILE_DIR)/Pods-iosTestOnlyTests-checkManifestLockResult.txt",
			);
			runOnlyForDeploymentPostprocessing = 0;
			shellPath = /bin/sh;
			shellScript = "diff \"${PODS_PODFILE_DIR_PATH}/Podfile.lock\" \"${PODS_ROOT}/Manifest.lock\" > /dev/null\nif [ $? != 0 ] ; then\n    # print error to STDERR\n    echo \"error: The sandbox is not in sync with the Podfile.lock. Run 'pod install' or update your CocoaPods installation.\" >&2\n    exit 1\nfi\n# This output is used by Xcode 'outputs' to avoid re-running this script phase.\necho \"SUCCESS\" > \"${SCRIPT_OUTPUT_FILE_0}\"\n";
			showEnvVarsInLog = 0;
		};
		94623B6F3FD82A08F2EADFFA /* [CP] Embed Pods Frameworks */ = {
			isa = PBXShellScriptBuildPhase;
			buildActionMask = 2147483647;
			files = (
			);
			inputPaths = (
				"${SRCROOT}/Pods/Target Support Files/Pods-ios/Pods-ios-frameworks.sh",
				"${BUILT_PRODUCTS_DIR}/j2objclib/j2objclib.framework",
			);
			name = "[CP] Embed Pods Frameworks";
			outputPaths = (
				"${TARGET_BUILD_DIR}/${FRAMEWORKS_FOLDER_PATH}/j2objclib.framework",
			);
			runOnlyForDeploymentPostprocessing = 0;
			shellPath = /bin/sh;
			shellScript = "\"${SRCROOT}/Pods/Target Support Files/Pods-ios/Pods-ios-frameworks.sh\"\n";
			showEnvVarsInLog = 0;
		};
		B348B582A56C275F899BB0F7 /* [CP] Embed Pods Frameworks */ = {
			isa = PBXShellScriptBuildPhase;
			buildActionMask = 2147483647;
			files = (
			);
			inputPaths = (
				"${SRCROOT}/Pods/Target Support Files/Pods-iosTestOnly/Pods-iosTestOnly-frameworks.sh",
				"${BUILT_PRODUCTS_DIR}/testj2objclib/testj2objclib.framework",
			);
			name = "[CP] Embed Pods Frameworks";
			outputPaths = (
				"${TARGET_BUILD_DIR}/${FRAMEWORKS_FOLDER_PATH}/testj2objclib.framework",
			);
			runOnlyForDeploymentPostprocessing = 0;
			shellPath = /bin/sh;
			shellScript = "\"${SRCROOT}/Pods/Target Support Files/Pods-iosTestOnly/Pods-iosTestOnly-frameworks.sh\"\n";
			showEnvVarsInLog = 0;
		};
/* End PBXShellScriptBuildPhase section */

/* Begin PBXSourcesBuildPhase section */
		637DD88A206AB9A1004ECB9A /* Sources */ = {
			isa = PBXSourcesBuildPhase;
			buildActionMask = 2147483647;
			files = (
				637DD891206AB9A1004ECB9A /* iosTestOnlyTests.swift in Sources */,
			);
			runOnlyForDeploymentPostprocessing = 0;
		};
		638F93FD2063641A00CA30F5 /* Sources */ = {
			isa = PBXSourcesBuildPhase;
			buildActionMask = 2147483647;
			files = (
				638F94062063641A00CA30F5 /* ViewController.swift in Sources */,
				638F94042063641A00CA30F5 /* AppDelegate.swift in Sources */,
			);
			runOnlyForDeploymentPostprocessing = 0;
		};
		63F9A4172060626F00B72E4D /* Sources */ = {
			isa = PBXSourcesBuildPhase;
			buildActionMask = 2147483647;
			files = (
				63F9A4212060626F00B72E4D /* ViewController.swift in Sources */,
				63F9A41F2060626F00B72E4D /* AppDelegate.swift in Sources */,
			);
			runOnlyForDeploymentPostprocessing = 0;
		};
/* End PBXSourcesBuildPhase section */

/* Begin PBXTargetDependency section */
		637DD894206AB9A1004ECB9A /* PBXTargetDependency */ = {
			isa = PBXTargetDependency;
			target = 638F94002063641A00CA30F5 /* iosTestOnly */;
			targetProxy = 637DD893206AB9A1004ECB9A /* PBXContainerItemProxy */;
		};
/* End PBXTargetDependency section */

/* Begin PBXVariantGroup section */
		638F94072063641A00CA30F5 /* Main.storyboard */ = {
			isa = PBXVariantGroup;
			children = (
				638F94082063641A00CA30F5 /* Base */,
			);
			name = Main.storyboard;
			sourceTree = "<group>";
		};
		638F940C2063641A00CA30F5 /* LaunchScreen.storyboard */ = {
			isa = PBXVariantGroup;
			children = (
				638F940D2063641A00CA30F5 /* Base */,
			);
			name = LaunchScreen.storyboard;
			sourceTree = "<group>";
		};
		63F9A4222060626F00B72E4D /* Main.storyboard */ = {
			isa = PBXVariantGroup;
			children = (
				63F9A4232060626F00B72E4D /* Base */,
			);
			name = Main.storyboard;
			sourceTree = "<group>";
		};
		63F9A4272060626F00B72E4D /* LaunchScreen.storyboard */ = {
			isa = PBXVariantGroup;
			children = (
				63F9A4282060626F00B72E4D /* Base */,
			);
			name = LaunchScreen.storyboard;
			sourceTree = "<group>";
		};
/* End PBXVariantGroup section */

/* Begin XCBuildConfiguration section */
		637DD896206AB9A1004ECB9A /* Debug */ = {
			isa = XCBuildConfiguration;
			baseConfigurationReference = 15277FD75E857F02C54DD83A /* Pods-iosTestOnlyTests.debug.xcconfig */;
			buildSettings = {
				BUNDLE_LOADER = "$(TEST_HOST)";
				CODE_SIGN_STYLE = Automatic;
				INFOPLIST_FILE = iosTestOnlyTests/Info.plist;
				LD_RUNPATH_SEARCH_PATHS = "$(inherited) @executable_path/Frameworks @loader_path/Frameworks";
				PRODUCT_BUNDLE_IDENTIFIER = co.touchlab.iosTestOnlyTests;
				PRODUCT_NAME = "$(TARGET_NAME)";
				SWIFT_VERSION = 4.0;
				TARGETED_DEVICE_FAMILY = "1,2";
				TEST_HOST = "$(BUILT_PRODUCTS_DIR)/iosTestOnly.app/iosTestOnly";
			};
			name = Debug;
		};
		637DD897206AB9A1004ECB9A /* Release */ = {
			isa = XCBuildConfiguration;
			baseConfigurationReference = A769CDC2E9F55C36B088A3C8 /* Pods-iosTestOnlyTests.release.xcconfig */;
			buildSettings = {
				BUNDLE_LOADER = "$(TEST_HOST)";
				CODE_SIGN_STYLE = Automatic;
				INFOPLIST_FILE = iosTestOnlyTests/Info.plist;
				LD_RUNPATH_SEARCH_PATHS = "$(inherited) @executable_path/Frameworks @loader_path/Frameworks";
				PRODUCT_BUNDLE_IDENTIFIER = co.touchlab.iosTestOnlyTests;
				PRODUCT_NAME = "$(TARGET_NAME)";
				SWIFT_VERSION = 4.0;
				TARGETED_DEVICE_FAMILY = "1,2";
				TEST_HOST = "$(BUILT_PRODUCTS_DIR)/iosTestOnly.app/iosTestOnly";
			};
			name = Release;
		};
		638F941B2063641A00CA30F5 /* Debug */ = {
			isa = XCBuildConfiguration;
			baseConfigurationReference = DBACFA83C40AAC885FAA1990 /* Pods-iosTestOnly.debug.xcconfig */;
			buildSettings = {
				ASSETCATALOG_COMPILER_APPICON_NAME = AppIcon;
				CODE_SIGN_STYLE = Automatic;
				INFOPLIST_FILE = iosTestOnly/Info.plist;
				LD_RUNPATH_SEARCH_PATHS = "$(inherited) @executable_path/Frameworks";
				PRODUCT_BUNDLE_IDENTIFIER = co.touchlab.iosTestOnly;
				PRODUCT_NAME = "$(TARGET_NAME)";
				SWIFT_VERSION = 4.0;
				TARGETED_DEVICE_FAMILY = "1,2";
			};
			name = Debug;
		};
		638F941C2063641A00CA30F5 /* Release */ = {
			isa = XCBuildConfiguration;
			baseConfigurationReference = 34D10B481E6FBA79BBBF06F9 /* Pods-iosTestOnly.release.xcconfig */;
			buildSettings = {
				ASSETCATALOG_COMPILER_APPICON_NAME = AppIcon;
				CODE_SIGN_STYLE = Automatic;
				INFOPLIST_FILE = iosTestOnly/Info.plist;
				LD_RUNPATH_SEARCH_PATHS = "$(inherited) @executable_path/Frameworks";
				PRODUCT_BUNDLE_IDENTIFIER = co.touchlab.iosTestOnly;
				PRODUCT_NAME = "$(TARGET_NAME)";
				SWIFT_VERSION = 4.0;
				TARGETED_DEVICE_FAMILY = "1,2";
			};
			name = Release;
		};
		63F9A4412060626F00B72E4D /* Debug */ = {
			isa = XCBuildConfiguration;
			buildSettings = {
				ALWAYS_SEARCH_USER_PATHS = NO;
				CLANG_ANALYZER_NONNULL = YES;
				CLANG_ANALYZER_NUMBER_OBJECT_CONVERSION = YES_AGGRESSIVE;
				CLANG_CXX_LANGUAGE_STANDARD = "gnu++14";
				CLANG_CXX_LIBRARY = "libc++";
				CLANG_ENABLE_MODULES = YES;
				CLANG_ENABLE_OBJC_ARC = YES;
				CLANG_WARN_BLOCK_CAPTURE_AUTORELEASING = YES;
				CLANG_WARN_BOOL_CONVERSION = YES;
				CLANG_WARN_COMMA = YES;
				CLANG_WARN_CONSTANT_CONVERSION = YES;
				CLANG_WARN_DIRECT_OBJC_ISA_USAGE = YES_ERROR;
				CLANG_WARN_DOCUMENTATION_COMMENTS = YES;
				CLANG_WARN_EMPTY_BODY = YES;
				CLANG_WARN_ENUM_CONVERSION = YES;
				CLANG_WARN_INFINITE_RECURSION = YES;
				CLANG_WARN_INT_CONVERSION = YES;
				CLANG_WARN_NON_LITERAL_NULL_CONVERSION = YES;
				CLANG_WARN_OBJC_LITERAL_CONVERSION = YES;
				CLANG_WARN_OBJC_ROOT_CLASS = YES_ERROR;
				CLANG_WARN_RANGE_LOOP_ANALYSIS = YES;
				CLANG_WARN_STRICT_PROTOTYPES = YES;
				CLANG_WARN_SUSPICIOUS_MOVE = YES;
				CLANG_WARN_UNGUARDED_AVAILABILITY = YES_AGGRESSIVE;
				CLANG_WARN_UNREACHABLE_CODE = YES;
				CLANG_WARN__DUPLICATE_METHOD_MATCH = YES;
				CODE_SIGN_IDENTITY = "iPhone Developer";
				COPY_PHASE_STRIP = NO;
				DEBUG_INFORMATION_FORMAT = dwarf;
				ENABLE_STRICT_OBJC_MSGSEND = YES;
				ENABLE_TESTABILITY = YES;
				GCC_C_LANGUAGE_STANDARD = gnu11;
				GCC_DYNAMIC_NO_PIC = NO;
				GCC_NO_COMMON_BLOCKS = YES;
				GCC_OPTIMIZATION_LEVEL = 0;
				GCC_PREPROCESSOR_DEFINITIONS = (
					"DEBUG=1",
					"$(inherited)",
				);
				GCC_WARN_64_TO_32_BIT_CONVERSION = YES;
				GCC_WARN_ABOUT_RETURN_TYPE = YES_ERROR;
				GCC_WARN_UNDECLARED_SELECTOR = YES;
				GCC_WARN_UNINITIALIZED_AUTOS = YES_AGGRESSIVE;
				GCC_WARN_UNUSED_FUNCTION = YES;
				GCC_WARN_UNUSED_VARIABLE = YES;
				IPHONEOS_DEPLOYMENT_TARGET = 11.2;
				MTL_ENABLE_DEBUG_INFO = YES;
				ONLY_ACTIVE_ARCH = YES;
				SDKROOT = iphoneos;
				SWIFT_ACTIVE_COMPILATION_CONDITIONS = DEBUG;
				SWIFT_OPTIMIZATION_LEVEL = "-Onone";
			};
			name = Debug;
		};
		63F9A4422060626F00B72E4D /* Release */ = {
			isa = XCBuildConfiguration;
			buildSettings = {
				ALWAYS_SEARCH_USER_PATHS = NO;
				CLANG_ANALYZER_NONNULL = YES;
				CLANG_ANALYZER_NUMBER_OBJECT_CONVERSION = YES_AGGRESSIVE;
				CLANG_CXX_LANGUAGE_STANDARD = "gnu++14";
				CLANG_CXX_LIBRARY = "libc++";
				CLANG_ENABLE_MODULES = YES;
				CLANG_ENABLE_OBJC_ARC = YES;
				CLANG_WARN_BLOCK_CAPTURE_AUTORELEASING = YES;
				CLANG_WARN_BOOL_CONVERSION = YES;
				CLANG_WARN_COMMA = YES;
				CLANG_WARN_CONSTANT_CONVERSION = YES;
				CLANG_WARN_DIRECT_OBJC_ISA_USAGE = YES_ERROR;
				CLANG_WARN_DOCUMENTATION_COMMENTS = YES;
				CLANG_WARN_EMPTY_BODY = YES;
				CLANG_WARN_ENUM_CONVERSION = YES;
				CLANG_WARN_INFINITE_RECURSION = YES;
				CLANG_WARN_INT_CONVERSION = YES;
				CLANG_WARN_NON_LITERAL_NULL_CONVERSION = YES;
				CLANG_WARN_OBJC_LITERAL_CONVERSION = YES;
				CLANG_WARN_OBJC_ROOT_CLASS = YES_ERROR;
				CLANG_WARN_RANGE_LOOP_ANALYSIS = YES;
				CLANG_WARN_STRICT_PROTOTYPES = YES;
				CLANG_WARN_SUSPICIOUS_MOVE = YES;
				CLANG_WARN_UNGUARDED_AVAILABILITY = YES_AGGRESSIVE;
				CLANG_WARN_UNREACHABLE_CODE = YES;
				CLANG_WARN__DUPLICATE_METHOD_MATCH = YES;
				CODE_SIGN_IDENTITY = "iPhone Developer";
				COPY_PHASE_STRIP = NO;
				DEBUG_INFORMATION_FORMAT = "dwarf-with-dsym";
				ENABLE_NS_ASSERTIONS = NO;
				ENABLE_STRICT_OBJC_MSGSEND = YES;
				GCC_C_LANGUAGE_STANDARD = gnu11;
				GCC_NO_COMMON_BLOCKS = YES;
				GCC_WARN_64_TO_32_BIT_CONVERSION = YES;
				GCC_WARN_ABOUT_RETURN_TYPE = YES_ERROR;
				GCC_WARN_UNDECLARED_SELECTOR = YES;
				GCC_WARN_UNINITIALIZED_AUTOS = YES_AGGRESSIVE;
				GCC_WARN_UNUSED_FUNCTION = YES;
				GCC_WARN_UNUSED_VARIABLE = YES;
				IPHONEOS_DEPLOYMENT_TARGET = 11.2;
				MTL_ENABLE_DEBUG_INFO = NO;
				SDKROOT = iphoneos;
				SWIFT_OPTIMIZATION_LEVEL = "-Owholemodule";
				VALIDATE_PRODUCT = YES;
			};
			name = Release;
		};
		63F9A4442060626F00B72E4D /* Debug */ = {
			isa = XCBuildConfiguration;
			baseConfigurationReference = C93F62BB779DF89B754CA962 /* Pods-ios.debug.xcconfig */;
			buildSettings = {
				ASSETCATALOG_COMPILER_APPICON_NAME = AppIcon;
				CODE_SIGN_STYLE = Automatic;
				INFOPLIST_FILE = ios/Info.plist;
				LD_RUNPATH_SEARCH_PATHS = "$(inherited) @executable_path/Frameworks";
				PRODUCT_BUNDLE_IDENTIFIER = co.touchlab.ios;
				PRODUCT_NAME = "$(TARGET_NAME)";
				SWIFT_VERSION = 4.0;
				TARGETED_DEVICE_FAMILY = "1,2";
			};
			name = Debug;
		};
		63F9A4452060626F00B72E4D /* Release */ = {
			isa = XCBuildConfiguration;
			baseConfigurationReference = 3CC18BD6E00EFCE6BA640C49 /* Pods-ios.release.xcconfig */;
			buildSettings = {
				ASSETCATALOG_COMPILER_APPICON_NAME = AppIcon;
				CODE_SIGN_STYLE = Automatic;
				INFOPLIST_FILE = ios/Info.plist;
				LD_RUNPATH_SEARCH_PATHS = "$(inherited) @executable_path/Frameworks";
				PRODUCT_BUNDLE_IDENTIFIER = co.touchlab.ios;
				PRODUCT_NAME = "$(TARGET_NAME)";
				SWIFT_VERSION = 4.0;
				TARGETED_DEVICE_FAMILY = "1,2";
			};
			name = Release;
		};
/* End XCBuildConfiguration section */

/* Begin XCConfigurationList section */
		637DD895206AB9A1004ECB9A /* Build configuration list for PBXNativeTarget "iosTestOnlyTests" */ = {
			isa = XCConfigurationList;
			buildConfigurations = (
				637DD896206AB9A1004ECB9A /* Debug */,
				637DD897206AB9A1004ECB9A /* Release */,
			);
			defaultConfigurationIsVisible = 0;
			defaultConfigurationName = Release;
		};
		638F941F2063641A00CA30F5 /* Build configuration list for PBXNativeTarget "iosTestOnly" */ = {
			isa = XCConfigurationList;
			buildConfigurations = (
				638F941B2063641A00CA30F5 /* Debug */,
				638F941C2063641A00CA30F5 /* Release */,
			);
			defaultConfigurationIsVisible = 0;
			defaultConfigurationName = Release;
		};
		63F9A4162060626F00B72E4D /* Build configuration list for PBXProject "ios" */ = {
			isa = XCConfigurationList;
			buildConfigurations = (
				63F9A4412060626F00B72E4D /* Debug */,
				63F9A4422060626F00B72E4D /* Release */,
			);
			defaultConfigurationIsVisible = 0;
			defaultConfigurationName = Release;
		};
		63F9A4432060626F00B72E4D /* Build configuration list for PBXNativeTarget "ios" */ = {
			isa = XCConfigurationList;
			buildConfigurations = (
				63F9A4442060626F00B72E4D /* Debug */,
				63F9A4452060626F00B72E4D /* Release */,
			);
			defaultConfigurationIsVisible = 0;
			defaultConfigurationName = Release;
		};
/* End XCConfigurationList section */
	};
	rootObject = 63F9A4132060626F00B72E4D /* Project object */;
}
